{
  "version": 4,
  "terraform_version": "0.12.24",
  "serial": 9,
  "lineage": "26598417-3364-a037-6f64-1a874be57886",
  "outputs": {},
  "resources": [
    {
      "mode": "managed",
      "type": "azurerm_frontdoor",
      "name": "example",
      "provider": "provider.azurerm",
      "instances": [
        {
          "schema_version": 0,
          "attributes": {
            "backend_pool": [
              {
                "backend": [
                  {
                    "address": "www.google.com",
                    "enabled": true,
                    "host_header": "www.google.com",
                    "http_port": 80,
                    "https_port": 443,
                    "priority": 1,
                    "weight": 40
                  },
                  {
                    "address": "www.bing.com",
                    "enabled": true,
                    "host_header": "www.bing.com",
                    "http_port": 80,
                    "https_port": 443,
                    "priority": 1,
                    "weight": 60
                  }
                ],
                "health_probe_name": "exampleHealthProbeSetting1",
                "id": "/subscriptions/9689f91f-cbbb-4885-8750-ba92b807f727/resourcegroups/DaisukeiFrontDoorExampleResourceGroup/providers/Microsoft.Network/Frontdoors/daisukei-example-FrontDoor/BackendPools/exampleBackendBing",
                "load_balancing_name": "exampleLoadBalancingSettings1",
                "name": "exampleBackendBing"
              }
            ],
            "backend_pool_health_probe": [
              {
                "enabled": true,
                "id": "/subscriptions/9689f91f-cbbb-4885-8750-ba92b807f727/resourcegroups/DaisukeiFrontDoorExampleResourceGroup/providers/Microsoft.Network/Frontdoors/daisukei-example-FrontDoor/HealthProbeSettings/exampleHealthProbeSetting1",
                "interval_in_seconds": 120,
                "name": "exampleHealthProbeSetting1",
                "path": "/",
                "probe_method": "GET",
                "protocol": "Http"
              }
            ],
            "backend_pool_load_balancing": [
              {
                "additional_latency_milliseconds": 0,
                "id": "/subscriptions/9689f91f-cbbb-4885-8750-ba92b807f727/resourcegroups/DaisukeiFrontDoorExampleResourceGroup/providers/Microsoft.Network/Frontdoors/daisukei-example-FrontDoor/LoadBalancingSettings/exampleLoadBalancingSettings1",
                "name": "exampleLoadBalancingSettings1",
                "sample_size": 4,
                "successful_samples_required": 2
              }
            ],
            "backend_pools_send_receive_timeout_seconds": 60,
            "cname": "daisukei-example-FrontDoor.azurefd.net",
            "enforce_backend_pools_certificate_name_check": false,
            "friendly_name": "",
            "frontend_endpoint": [
              {
                "custom_https_configuration": [],
                "custom_https_provisioning_enabled": false,
                "host_name": "daisukei-example-FrontDoor.azurefd.net",
                "id": "/subscriptions/9689f91f-cbbb-4885-8750-ba92b807f727/resourcegroups/DaisukeiFrontDoorExampleResourceGroup/providers/Microsoft.Network/frontdoors/daisukei-example-FrontDoor/frontendendpoints/daisukeiExampleFrontendEndpoint1",
                "name": "daisukeiExampleFrontendEndpoint1",
                "session_affinity_enabled": false,
                "session_affinity_ttl_seconds": 0,
                "web_application_firewall_policy_link_id": ""
              }
            ],
            "id": "/subscriptions/9689f91f-cbbb-4885-8750-ba92b807f727/resourcegroups/DaisukeiFrontDoorExampleResourceGroup/providers/Microsoft.Network/frontdoors/daisukei-example-FrontDoor",
            "load_balancer_enabled": true,
            "location": "global",
            "name": "daisukei-example-FrontDoor",
            "resource_group_name": "DaisukeiFrontDoorExampleResourceGroup",
            "routing_rule": [
              {
                "accepted_protocols": [
                  "Http",
                  "Https"
                ],
                "enabled": true,
                "forwarding_configuration": [
                  {
                    "backend_pool_name": "exampleBackendBing",
                    "cache_enabled": false,
                    "cache_query_parameter_strip_directive": "StripAll",
                    "cache_use_dynamic_compression": false,
                    "custom_forwarding_path": "",
                    "forwarding_protocol": "MatchRequest"
                  }
                ],
                "frontend_endpoints": [
                  "daisukeiExampleFrontendEndpoint1"
                ],
                "id": "/subscriptions/9689f91f-cbbb-4885-8750-ba92b807f727/resourcegroups/DaisukeiFrontDoorExampleResourceGroup/providers/Microsoft.Network/Frontdoors/daisukei-example-FrontDoor/RoutingRules/exampleRoutingRule1",
                "name": "exampleRoutingRule1",
                "patterns_to_match": [
                  "/*"
                ],
                "redirect_configuration": []
              }
            ],
            "tags": null,
            "timeouts": null
          },
          "private": "eyJlMmJmYjczMC1lY2FhLTExZTYtOGY4OC0zNDM2M2JjN2M0YzAiOnsiY3JlYXRlIjoyMTYwMDAwMDAwMDAwMCwiZGVsZXRlIjoyMTYwMDAwMDAwMDAwMCwicmVhZCI6MzAwMDAwMDAwMDAwLCJ1cGRhdGUiOjIxNjAwMDAwMDAwMDAwfX0=",
          "dependencies": [
            "azurerm_resource_group.example"
          ]
        }
      ]
    },
    {
      "mode": "managed",
      "type": "azurerm_resource_group",
      "name": "example",
      "provider": "provider.azurerm",
      "instances": [
        {
          "schema_version": 0,
          "attributes": {
            "id": "/subscriptions/9689f91f-cbbb-4885-8750-ba92b807f727/resourceGroups/DaisukeiFrontDoorExampleResourceGroup",
            "location": "eastus2",
            "name": "DaisukeiFrontDoorExampleResourceGroup",
            "tags": null,
            "timeouts": null
          },
          "private": "eyJlMmJmYjczMC1lY2FhLTExZTYtOGY4OC0zNDM2M2JjN2M0YzAiOnsiY3JlYXRlIjo1NDAwMDAwMDAwMDAwLCJkZWxldGUiOjU0MDAwMDAwMDAwMDAsInJlYWQiOjMwMDAwMDAwMDAwMCwidXBkYXRlIjo1NDAwMDAwMDAwMDAwfX0="
        }
      ]
    }
  ]
}
